
Microsoft Visual Studio Solution File, Format Version 12.00
# Visual Studio Version 17
VisualStudioVersion = 17.6.33801.468
MinimumVisualStudioVersion = 10.0.40219.1
Project("{9A19103F-16F7-4668-BE54-9A1E7A4F7556}") = "Chapter10Server", "Chapter10DevServer\Chapter10Server.csproj", "{63058430-10FB-4BDE-B251-154FAB71C0A3}"
EndProject
Global
	GlobalSection(SolutionConfigurationPlatforms) = preSolution
		Debug|Any CPU = Debug|Any CPU
		Release|Any CPU = Release|Any CPU
	EndGlobalSection
	GlobalSection(ProjectConfigurationPlatforms) = postSolution
		{63058430-10FB-4BDE-B251-154FAB71C0A3}.Debug|Any CPU.ActiveCfg = Debug|Any CPU
		{63058430-10FB-4BDE-B251-154FAB71C0A3}.Debug|Any CPU.Build.0 = Debug|Any CPU
		{63058430-10FB-4BDE-B251-154FAB71C0A3}.Release|Any CPU.ActiveCfg = Release|Any CPU
		{63058430-10FB-4BDE-B251-154FAB71C0A3}.Release|Any CPU.Build.0 = Release|Any CPU
	EndGlobalSection
	GlobalSection(SolutionProperties) = preSolution
		HideSolutionNode = FALSE
	EndGlobalSection
	GlobalSection(ExtensibilityGlobals) = postSolution
		SolutionGuid = {DF1B6EEC-E30F-4F3D-B843-3E7E6BA7E946}
	EndGlobalSection
EndGlobal
