
Microsoft Visual Studio Solution File, Format Version 12.00
# Visual Studio Version 17
VisualStudioVersion = 17.6.33723.286
MinimumVisualStudioVersion = 10.0.40219.1
Project("{9A19103F-16F7-4668-BE54-9A1E7A4F7556}") = "Chapter11", "Chapter11\Chapter11.csproj", "{46EF9727-790E-474F-8966-25DD75D2DCDE}"
EndProject
Project("{FAE04EC0-301F-11D3-BF4B-00C04F79EFBC}") = "Chapter11Tests", "Chapter11Tests\Chapter11Tests.csproj", "{832A52FA-7EAC-4DD1-B2D1-4D85AA69578A}"
EndProject
Global
	GlobalSection(SolutionConfigurationPlatforms) = preSolution
		Debug|Any CPU = Debug|Any CPU
		Release|Any CPU = Release|Any CPU
	EndGlobalSection
	GlobalSection(ProjectConfigurationPlatforms) = postSolution
		{46EF9727-790E-474F-8966-25DD75D2DCDE}.Debug|Any CPU.ActiveCfg = Debug|Any CPU
		{46EF9727-790E-474F-8966-25DD75D2DCDE}.Debug|Any CPU.Build.0 = Debug|Any CPU
		{46EF9727-790E-474F-8966-25DD75D2DCDE}.Release|Any CPU.ActiveCfg = Release|Any CPU
		{46EF9727-790E-474F-8966-25DD75D2DCDE}.Release|Any CPU.Build.0 = Release|Any CPU
		{832A52FA-7EAC-4DD1-B2D1-4D85AA69578A}.Debug|Any CPU.ActiveCfg = Debug|Any CPU
		{832A52FA-7EAC-4DD1-B2D1-4D85AA69578A}.Debug|Any CPU.Build.0 = Debug|Any CPU
		{832A52FA-7EAC-4DD1-B2D1-4D85AA69578A}.Release|Any CPU.ActiveCfg = Release|Any CPU
		{832A52FA-7EAC-4DD1-B2D1-4D85AA69578A}.Release|Any CPU.Build.0 = Release|Any CPU
	EndGlobalSection
	GlobalSection(SolutionProperties) = preSolution
		HideSolutionNode = FALSE
	EndGlobalSection
	GlobalSection(ExtensibilityGlobals) = postSolution
		SolutionGuid = {75E04B7D-1F5D-4B42-8A80-ABAB4FCC852A}
	EndGlobalSection
EndGlobal
