
Microsoft Visual Studio Solution File, Format Version 12.00
# Visual Studio Version 17
VisualStudioVersion = 17.6.33723.286
MinimumVisualStudioVersion = 10.0.40219.1
Project("{FAE04EC0-301F-11D3-BF4B-00C04F79EFBC}") = "Chapter2StartingCode", "Chapter2StartingCode\Chapter2StartingCode.csproj", "{777939EE-8DDA-46AE-9205-DD483E08CC65}"
EndProject
Project("{FAE04EC0-301F-11D3-BF4B-00C04F79EFBC}") = "Chapter2Tests", "Chapter2Tests\Chapter2Tests.csproj", "{70512460-2A1A-46CD-9C5C-580B2450836F}"
EndProject
Global
	GlobalSection(SolutionConfigurationPlatforms) = preSolution
		Debug|Any CPU = Debug|Any CPU
		Release|Any CPU = Release|Any CPU
	EndGlobalSection
	GlobalSection(ProjectConfigurationPlatforms) = postSolution
		{777939EE-8DDA-46AE-9205-DD483E08CC65}.Debug|Any CPU.ActiveCfg = Debug|Any CPU
		{777939EE-8DDA-46AE-9205-DD483E08CC65}.Debug|Any CPU.Build.0 = Debug|Any CPU
		{777939EE-8DDA-46AE-9205-DD483E08CC65}.Release|Any CPU.ActiveCfg = Release|Any CPU
		{777939EE-8DDA-46AE-9205-DD483E08CC65}.Release|Any CPU.Build.0 = Release|Any CPU
		{70512460-2A1A-46CD-9C5C-580B2450836F}.Debug|Any CPU.ActiveCfg = Debug|Any CPU
		{70512460-2A1A-46CD-9C5C-580B2450836F}.Debug|Any CPU.Build.0 = Debug|Any CPU
		{70512460-2A1A-46CD-9C5C-580B2450836F}.Release|Any CPU.ActiveCfg = Release|Any CPU
		{70512460-2A1A-46CD-9C5C-580B2450836F}.Release|Any CPU.Build.0 = Release|Any CPU
	EndGlobalSection
	GlobalSection(SolutionProperties) = preSolution
		HideSolutionNode = FALSE
	EndGlobalSection
	GlobalSection(ExtensibilityGlobals) = postSolution
		SolutionGuid = {75E04B7D-1F5D-4B42-8A80-ABAB4FCC852A}
	EndGlobalSection
EndGlobal
